
Microsoft Visual Studio Solution File, Format Version 12.00
# Visual Studio Version 16
VisualStudioVersion = 16.0.30523.141
MinimumVisualStudioVersion = 10.0.40219.1
Project("{FAE04EC0-301F-11D3-BF4B-00C04F79EFBC}") = "Sol_Demo", "Sol_Demo\Sol_Demo.csproj", "{0AB22A25-1800-4085-AE4D-5BF5F292E04D}"
EndProject
Global
	GlobalSection(SolutionConfigurationPlatforms) = preSolution
		Debug|Any CPU = Debug|Any CPU
		Release|Any CPU = Release|Any CPU
	EndGlobalSection
	GlobalSection(ProjectConfigurationPlatforms) = postSolution
		{0AB22A25-1800-4085-AE4D-5BF5F292E04D}.Debug|Any CPU.ActiveCfg = Debug|Any CPU
		{0AB22A25-1800-4085-AE4D-5BF5F292E04D}.Debug|Any CPU.Build.0 = Debug|Any CPU
		{0AB22A25-1800-4085-AE4D-5BF5F292E04D}.Release|Any CPU.ActiveCfg = Release|Any CPU
		{0AB22A25-1800-4085-AE4D-5BF5F292E04D}.Release|Any CPU.Build.0 = Release|Any CPU
	EndGlobalSection
	GlobalSection(SolutionProperties) = preSolution
		HideSolutionNode = FALSE
	EndGlobalSection
	GlobalSection(ExtensibilityGlobals) = postSolution
		SolutionGuid = {0A941812-E7A0-410A-8044-63D37D6D27C4}
	EndGlobalSection
EndGlobal
